
Microsoft Visual Studio Solution File, Format Version 12.00
# Visual Studio Version 17
VisualStudioVersion = 17.6.33723.286
MinimumVisualStudioVersion = 10.0.40219.1
Project("{FAE04EC0-301F-11D3-BF4B-00C04F79EFBC}") = "LeaveManagement.Web", "LeaveManagement.Web\LeaveManagement.Web.csproj", "{ED42950D-0B59-48BF-8EA3-E416DCFD0A2F}"
EndProject
Global
	GlobalSection(SolutionConfigurationPlatforms) = preSolution
		Debug|Any CPU = Debug|Any CPU
		Release|Any CPU = Release|Any CPU
	EndGlobalSection
	GlobalSection(ProjectConfigurationPlatforms) = postSolution
		{ED42950D-0B59-48BF-8EA3-E416DCFD0A2F}.Debug|Any CPU.ActiveCfg = Debug|Any CPU
		{ED42950D-0B59-48BF-8EA3-E416DCFD0A2F}.Debug|Any CPU.Build.0 = Debug|Any CPU
		{ED42950D-0B59-48BF-8EA3-E416DCFD0A2F}.Release|Any CPU.ActiveCfg = Release|Any CPU
		{ED42950D-0B59-48BF-8EA3-E416DCFD0A2F}.Release|Any CPU.Build.0 = Release|Any CPU
	EndGlobalSection
	GlobalSection(SolutionProperties) = preSolution
		HideSolutionNode = FALSE
	EndGlobalSection
	GlobalSection(ExtensibilityGlobals) = postSolution
		SolutionGuid = {09D7296C-88A5-438C-9D2F-EF43000CCEB3}
	EndGlobalSection
EndGlobal
